
Microsoft Visual Studio Solution File, Format Version 12.00
# Visual Studio Version 16
VisualStudioVersion = 16.0.31702.278
MinimumVisualStudioVersion = 10.0.40219.1
Project("{9A19103F-16F7-4668-BE54-9A1E7A4F7556}") = "Hourglass", "Hourglass\Hourglass.csproj", "{3106BF84-12F9-4E8D-9928-3D9CC2DA715C}"
EndProject
Project("{FAE04EC0-301F-11D3-BF4B-00C04F79EFBC}") = "HourGlassTests", "HourGlassTests\HourGlassTests.csproj", "{AF07CF7B-805A-4F2B-99D2-A38A5FCF982B}"
EndProject
Global
	GlobalSection(SolutionConfigurationPlatforms) = preSolution
		Debug|Any CPU = Debug|Any CPU
		Release|Any CPU = Release|Any CPU
	EndGlobalSection
	GlobalSection(ProjectConfigurationPlatforms) = postSolution
		{3106BF84-12F9-4E8D-9928-3D9CC2DA715C}.Debug|Any CPU.ActiveCfg = Debug|Any CPU
		{3106BF84-12F9-4E8D-9928-3D9CC2DA715C}.Debug|Any CPU.Build.0 = Debug|Any CPU
		{3106BF84-12F9-4E8D-9928-3D9CC2DA715C}.Release|Any CPU.ActiveCfg = Release|Any CPU
		{3106BF84-12F9-4E8D-9928-3D9CC2DA715C}.Release|Any CPU.Build.0 = Release|Any CPU
		{AF07CF7B-805A-4F2B-99D2-A38A5FCF982B}.Debug|Any CPU.ActiveCfg = Debug|Any CPU
		{AF07CF7B-805A-4F2B-99D2-A38A5FCF982B}.Debug|Any CPU.Build.0 = Debug|Any CPU
		{AF07CF7B-805A-4F2B-99D2-A38A5FCF982B}.Release|Any CPU.ActiveCfg = Release|Any CPU
		{AF07CF7B-805A-4F2B-99D2-A38A5FCF982B}.Release|Any CPU.Build.0 = Release|Any CPU
	EndGlobalSection
	GlobalSection(SolutionProperties) = preSolution
		HideSolutionNode = FALSE
	EndGlobalSection
	GlobalSection(ExtensibilityGlobals) = postSolution
		SolutionGuid = {DD9AE220-71A5-4C48-A065-FE3842EE8BB0}
	EndGlobalSection
EndGlobal
